
Microsoft Visual Studio Solution File, Format Version 12.00
# Visual Studio 15
VisualStudioVersion = 15.0.27130.2003
MinimumVisualStudioVersion = 10.0.40219.1
Project("{00D1A9C2-B5F0-4AF3-8072-F6C62B433612}") = "Btu Database", "Btu Database\Btu Database.sqlproj", "{CC73B621-39FA-4F7C-ABC0-30BF60B6432A}"
EndProject
Project("{FAE04EC0-301F-11D3-BF4B-00C04F79EFBC}") = "WebAppCore", "WebAppCore\WebAppCore.csproj", "{C6C71B10-F945-45C4-AACA-CB9FD9D4745C}"
EndProject
Global
	GlobalSection(SolutionConfigurationPlatforms) = preSolution
		Debug|Any CPU = Debug|Any CPU
		Release|Any CPU = Release|Any CPU
	EndGlobalSection
	GlobalSection(ProjectConfigurationPlatforms) = postSolution
		{CC73B621-39FA-4F7C-ABC0-30BF60B6432A}.Debug|Any CPU.ActiveCfg = Debug|Any CPU
		{CC73B621-39FA-4F7C-ABC0-30BF60B6432A}.Debug|Any CPU.Build.0 = Debug|Any CPU
		{CC73B621-39FA-4F7C-ABC0-30BF60B6432A}.Debug|Any CPU.Deploy.0 = Debug|Any CPU
		{CC73B621-39FA-4F7C-ABC0-30BF60B6432A}.Release|Any CPU.ActiveCfg = Release|Any CPU
		{CC73B621-39FA-4F7C-ABC0-30BF60B6432A}.Release|Any CPU.Build.0 = Release|Any CPU
		{CC73B621-39FA-4F7C-ABC0-30BF60B6432A}.Release|Any CPU.Deploy.0 = Release|Any CPU
		{C6C71B10-F945-45C4-AACA-CB9FD9D4745C}.Debug|Any CPU.ActiveCfg = Debug|Any CPU
		{C6C71B10-F945-45C4-AACA-CB9FD9D4745C}.Debug|Any CPU.Build.0 = Debug|Any CPU
		{C6C71B10-F945-45C4-AACA-CB9FD9D4745C}.Release|Any CPU.ActiveCfg = Release|Any CPU
		{C6C71B10-F945-45C4-AACA-CB9FD9D4745C}.Release|Any CPU.Build.0 = Release|Any CPU
	EndGlobalSection
	GlobalSection(SolutionProperties) = preSolution
		HideSolutionNode = FALSE
	EndGlobalSection
	GlobalSection(ExtensibilityGlobals) = postSolution
		SolutionGuid = {91570736-CBFA-4398-8358-87C9A1B082A2}
	EndGlobalSection
EndGlobal
